
Microsoft Visual Studio Solution File, Format Version 12.00
# Visual Studio Version 16
VisualStudioVersion = 16.0.31911.196
MinimumVisualStudioVersion = 10.0.40219.1
Project("{FAE04EC0-301F-11D3-BF4B-00C04F79EFBC}") = "basithesapmakinesi", "basithesapmakinesi\basithesapmakinesi.csproj", "{A7E40E7D-5EB5-4971-A405-83D728380659}"
EndProject
Global
	GlobalSection(SolutionConfigurationPlatforms) = preSolution
		Debug|Any CPU = Debug|Any CPU
		Release|Any CPU = Release|Any CPU
	EndGlobalSection
	GlobalSection(ProjectConfigurationPlatforms) = postSolution
		{A7E40E7D-5EB5-4971-A405-83D728380659}.Debug|Any CPU.ActiveCfg = Debug|Any CPU
		{A7E40E7D-5EB5-4971-A405-83D728380659}.Debug|Any CPU.Build.0 = Debug|Any CPU
		{A7E40E7D-5EB5-4971-A405-83D728380659}.Release|Any CPU.ActiveCfg = Release|Any CPU
		{A7E40E7D-5EB5-4971-A405-83D728380659}.Release|Any CPU.Build.0 = Release|Any CPU
	EndGlobalSection
	GlobalSection(SolutionProperties) = preSolution
		HideSolutionNode = FALSE
	EndGlobalSection
	GlobalSection(ExtensibilityGlobals) = postSolution
		SolutionGuid = {727F9B43-0625-4B85-B074-F2F33B3C82C4}
	EndGlobalSection
EndGlobal
